
Microsoft Visual Studio Solution File, Format Version 11.00
# Visual Studio 2010
Project("{FAE04EC0-301F-11D3-BF4B-00C04F79EFBC}") = "Contest", "Contest\Contest.csproj", "{86730869-444F-49E1-9CEF-99D4B57BF224}"
	ProjectSection(ProjectDependencies) = postProject
		{352E2BFC-DE4E-4295-9BC3-A5F5A9457B5A} = {352E2BFC-DE4E-4295-9BC3-A5F5A9457B5A}
	EndProjectSection
EndProject
Project("{FAE04EC0-301F-11D3-BF4B-00C04F79EFBC}") = "Scripts", "Scripts\Scripts.csproj", "{352E2BFC-DE4E-4295-9BC3-A5F5A9457B5A}"
EndProject
Global
	GlobalSection(SubversionScc) = preSolution
		Svn-Managed = True
		Manager = AnkhSVN - Subversion Support for Visual Studio
	EndGlobalSection
	GlobalSection(SolutionConfigurationPlatforms) = preSolution
		Debug|Any CPU = Debug|Any CPU
		Release|Any CPU = Release|Any CPU
	EndGlobalSection
	GlobalSection(ProjectConfigurationPlatforms) = postSolution
		{86730869-444F-49E1-9CEF-99D4B57BF224}.Debug|Any CPU.ActiveCfg = Debug|Any CPU
		{86730869-444F-49E1-9CEF-99D4B57BF224}.Debug|Any CPU.Build.0 = Debug|Any CPU
		{86730869-444F-49E1-9CEF-99D4B57BF224}.Release|Any CPU.ActiveCfg = Release|Any CPU
		{86730869-444F-49E1-9CEF-99D4B57BF224}.Release|Any CPU.Build.0 = Release|Any CPU
		{352E2BFC-DE4E-4295-9BC3-A5F5A9457B5A}.Debug|Any CPU.ActiveCfg = Debug|Any CPU
		{352E2BFC-DE4E-4295-9BC3-A5F5A9457B5A}.Debug|Any CPU.Build.0 = Debug|Any CPU
		{352E2BFC-DE4E-4295-9BC3-A5F5A9457B5A}.Release|Any CPU.ActiveCfg = Release|Any CPU
		{352E2BFC-DE4E-4295-9BC3-A5F5A9457B5A}.Release|Any CPU.Build.0 = Release|Any CPU
	EndGlobalSection
	GlobalSection(SolutionProperties) = preSolution
		HideSolutionNode = FALSE
	EndGlobalSection
EndGlobal
